PODS:
  - AliAPMInterface (1.0.1.12)
  - AlicloudAPM (1.1.1):
    - AlicloudHAUtil
    - AliCloudNetworkMonitor
    - AlicloudUtils
    - AliHACore (~> 10.0.3)
    - AliHADataHubAssembler (= 1.0.1.46-downgrade)
    - AliHAMemoryMonitor (= 10.0.3)
    - AliHAPerformanceMonitor (= 10.0.3.2-NO-UT)
    - AliHASecurity (~> 10.0.3)
  - AlicloudCrash (1.2.0):
    - AlicloudHAUtil
    - AlicloudUtils
    - AliHACore (~> 10.0.3)
    - AliHAMemoryMonitor
    - JDYThreadTrace (~> 11.1.1)
    - TBCrashReporter (~> 10.2.0)
  - AlicloudHAUtil (1.0.1):
    - AliHACore
    - TBRest
    - ZipArchive
  - AliCloudNetworkMonitor (1.0.0):
    - AlicloudUtils
    - AliHAProtocol
    - AliHASecurity
    - EMASRest (>= 11.1.1.1)
    - JDYThreadTrace
  - AlicloudSettingService (1.0.0):
    - EMASRest
  - AlicloudTLog (1.0.1.1):
    - AlicloudHAUtil
    - AlicloudSettingService
    - AlicloudUtils
    - AliHACore (~> 10.0.3)
    - AliHAProtocol (~> 10.0.3)
    - AliHASecurity (~> 10.0.4)
    - RemoteDebugChannel (~> 10.0.4)
    - TBRest (~> 10.1.1)
    - TRemoteDebugger (~> 10.0.4)
  - AlicloudUTDID (1.5.0.94)
  - AlicloudUtils (1.3.9):
    - AlicloudUTDID
  - AliCrashReporterInterface (0.0.5)
  - AliHACore (10.0.3.6):
    - AliHALogEngine (>= 10.0.2)
    - AliHAProtocol (>= 10.0.2.1)
    - TBJSONModel
    - TBRest (>= 1.0.0.18)
  - AliHADataHub4iOS (1.0.1.24)
  - AliHADataHubAssembler (1.0.1.46-downgrade):
    - AliAPMInterface (>= 1.0.1.10)
    - AliHADataHub4iOS (>= 1.0.1.24)
    - AliHAProtocol
    - AliRemoteDebugInterface (>= 0.0.1.4)
    - TBRest (>= 10.0.4.5)
  - AliHADeviceEvaluation (10.0.3.8)
  - AliHALogEngine (10.0.5)
  - AliHAMemoryMonitor (10.0.3):
    - AliHAMethodTrace (>= 10.0.2)
    - AliHAProtocol (>= 10.0.2)
    - BizErrorReporter4iOS (>= 10.0.2)
    - FBAllocationTracker
    - FBMemoryProfiler
    - FBRetainCycleDetector
  - AliHAMethodTrace (10.0.4)
  - AliHAPerformanceMonitor (10.0.3.2-NO-UT):
    - AliAPMInterface (>= 1.0.1.10)
    - AliHADeviceEvaluation (>= 10.0.3.8)
    - AliHAProtocol
  - AliHAProtocol (10.0.3):
    - TBJSONModel
  - AliHASecurity (10.0.4)
  - AliRemoteDebugInterface (0.0.1.4)
  - AliyunOSSiOS (2.10.10)
  - BizErrorReporter4iOS (10.0.3):
    - JDYThreadTrace (>= 1.0.0.12)
    - TBRest
  - CrashReporter (10.0.3)
  - EMASRest (11.1.1.2)
  - FBAllocationTracker (0.1.5)
  - FBMemoryProfiler (0.1.3):
    - FBAllocationTracker (~> 0.1)
    - FBRetainCycleDetector (~> 0.1)
  - FBRetainCycleDetector (0.1.4)
  - JDYThreadTrace (11.1.1.2)
  - KSCrashTao (1.0.4.0)
  - RemoteDebugChannel (10.0.4.5):
    - AliHAProtocol (>= 10.0.0.3)
    - AliHASecurity
    - AliyunOSSiOS
    - TBJSONModel
    - TBRest (>= 1.0.0.18)
    - ZipArchive
  - TBCrashReporter (10.2.0.1):
    - AliCrashReporterInterface
    - AliHAProtocol (>= 1.0.5.3)
    - CrashReporter (>= 1.3.6.18)
    - JDYThreadTrace (>= 1.0.0.12)
    - KSCrashTao (~> 1.0.4.0)
    - TBRest (>= 10.1.0.1)
  - TBJSONModel (0.1.15.1)
  - TBRest (10.1.1.0)
  - TRemoteDebugger (10.0.6.4):
    - AliHALogEngine (>= 10.0.5)
    - AliHAMethodTrace (>= 1.0.1.2)
    - AliHAProtocol (>= 10.0.0.5)
    - AliHASecurity (>= 10.0.4)
    - AliRemoteDebugInterface (>= 0.0.1.2)
    - TBJSONModel
    - TBRest (>= 1.0.0.18)
  - ZipArchive (1.4.0)

DEPENDENCIES:
  - AlicloudAPM (~> 1.1.1)
  - AlicloudCrash (~> 1.2.0)
  - AlicloudHAUtil (~> 1.0.1)
  - AlicloudTLog (~> 1.0.1.1)

SPEC REPOS:
  https://github.com/aliyun/aliyun-specs.git:
    - AliAPMInterface
    - AlicloudAPM
    - AlicloudCrash
    - AlicloudHAUtil
    - AliCloudNetworkMonitor
    - AlicloudSettingService
    - AlicloudTLog
    - AlicloudUTDID
    - AlicloudUtils
    - AliCrashReporterInterface
    - AliHACore
    - AliHADataHub4iOS
    - AliHADataHubAssembler
    - AliHADeviceEvaluation
    - AliHALogEngine
    - AliHAMemoryMonitor
    - AliHAMethodTrace
    - AliHAPerformanceMonitor
    - AliHAProtocol
    - AliHASecurity
    - AliRemoteDebugInterface
    - BizErrorReporter4iOS
    - CrashReporter
    - EMASRest
    - JDYThreadTrace
    - KSCrashTao
    - RemoteDebugChannel
    - TBCrashReporter
    - TBJSONModel
    - TBRest
    - TRemoteDebugger
  https://github.com/CocoaPods/Specs:
    - AliyunOSSiOS
    - FBAllocationTracker
    - FBMemoryProfiler
    - FBRetainCycleDetector
    - ZipArchive

SPEC CHECKSUMS:
  AliAPMInterface: feea5214ffece4ed52a4a75765f4dd24664b588d
  AlicloudAPM: 94e9c327f62cd494f58d2288383cda73e45aec0a
  AlicloudCrash: 98707ca85021db121e84b62dff31e99035127613
  AlicloudHAUtil: 99e5929118fdd73f8ac27807c13e2cded5d4b048
  AliCloudNetworkMonitor: fb2efb9c88454cf21d5985f332378ef18597108a
  AlicloudSettingService: f78d8433dd722a47c69c5a70ba75c301312f3a85
  AlicloudTLog: 799d2a840be884d9c2ffc6e1ebef2cbf1ee54e08
  AlicloudUTDID: 7323c443dcdf9a73e2224dc6ce51703671d7a765
  AlicloudUtils: 66e0ba6ece62d7dd05e9dd95674b2c7811624c2f
  AliCrashReporterInterface: 0e839e0aa67c07c012e76fa3208edb6ee7552438
  AliHACore: 631974dc2ab61ffed5ba743e339defb5c9e028c0
  AliHADataHub4iOS: 4847f2cf512af4371a4137c7283b6126eb707f9f
  AliHADataHubAssembler: 3105c6bfe8a62c0bbd10f7d70d5c891d48347a40
  AliHADeviceEvaluation: aa603195a7a621fa6b9fde70f8a5c5f792feb422
  AliHALogEngine: 22b83d8cfb4fbc2c22a2238574bc295b2dbba48d
  AliHAMemoryMonitor: c3a3d2eaa7a54c292622c0ea6ef5ba81f9c349e8
  AliHAMethodTrace: 31ebea278dfc3dfead7c47a75fc995c79d14ac36
  AliHAPerformanceMonitor: 346c290c709a19405e6cfb4f84086dac368184cb
  AliHAProtocol: fd6ba550c1888b51cc1cd55a21f220fccadd7a26
  AliHASecurity: feacfe93b806c1c1a03e2d03c4968d7021df6851
  AliRemoteDebugInterface: acc89a6becba06e3c009465cbc377b297d745fcb
  AliyunOSSiOS: b8f1dfc229cd9abf68c8ee0cb245c2d66e00dd96
  BizErrorReporter4iOS: 0f8d8f52ca95e89e7c60fc15dc162bc6f32c3d86
  CrashReporter: f8374b53ef73d1ae23e76331fd648bfc1cd7ff78
  EMASRest: 8df6f87836767a9415ad5cc4af739bc9d215b475
  FBAllocationTracker: dfdca3f71aceca6a85e95e3c6ec76a9785eba0f1
  FBMemoryProfiler: 623fc5f8a61f7d02ec75c87e3b97c90f621d8b02
  FBRetainCycleDetector: 46f8179bbb1c587deee3ea838a1a3ee02acf5015
  JDYThreadTrace: 757de93867bac712becb1a3d23a0d1f0bf54f927
  KSCrashTao: 736d489ba6ed33f025aab5f05e688202b362961b
  RemoteDebugChannel: 6cf6628a167a1c6c530d32f21d16cf38a5a24bd4
  TBCrashReporter: 671d7a163934cf1332da155e7e5195b179f6ee05
  TBJSONModel: 2c95a8789bc3d98a2a773dd09c41ddeb902a200b
  TBRest: 36fcaf59c76692eae5acf4c8fd469748d453a327
  TRemoteDebugger: 02207f8e53cfe4af80007402be62d4d198d29dba
  ZipArchive: e25a4373192673e3229ac8d6e9f64a3e5713c966

PODFILE CHECKSUM: 54b5d26f7fae564e89f9a2ee91c938ef740945ab

COCOAPODS: 1.11.2
